
Microsoft Visual Studio Solution File, Format Version 10.00
# Visual Studio 2008
Project("{FAE04EC0-301F-11D3-BF4B-00C04F79EFBC}") = "Firecracker Engine", "Firecracker Engine.csproj", "{DCC357DD-4F73-477E-8AE2-7ED2B5D97D23}"
EndProject
Global
	GlobalSection(SolutionConfigurationPlatforms) = preSolution
		Debug|x86 = Debug|x86
		Release|x86 = Release|x86
	EndGlobalSection
	GlobalSection(ProjectConfigurationPlatforms) = postSolution
		{DCC357DD-4F73-477E-8AE2-7ED2B5D97D23}.Debug|x86.ActiveCfg = Debug|x86
		{DCC357DD-4F73-477E-8AE2-7ED2B5D97D23}.Debug|x86.Build.0 = Debug|x86
		{DCC357DD-4F73-477E-8AE2-7ED2B5D97D23}.Release|x86.ActiveCfg = Release|x86
		{DCC357DD-4F73-477E-8AE2-7ED2B5D97D23}.Release|x86.Build.0 = Release|x86
		{FB8D7193-5CEC-40F3-9218-60FF7F663BBB}.Debug|x86.ActiveCfg = Debug|x86
		{FB8D7193-5CEC-40F3-9218-60FF7F663BBB}.Release|x86.ActiveCfg = Release|x86
	EndGlobalSection
	GlobalSection(SolutionProperties) = preSolution
		HideSolutionNode = FALSE
	EndGlobalSection
EndGlobal
